version = 1
revision = 2
requires-python = "==3.8.*"

[[package]]
name = "cost"
version = "0.1.0"
source = { virtual = "." }
dependencies = [
    { name = "einops" },
    { name = "numpy" },
    { name = "pandas" },
    { name = "scikit-learn" },
    { name = "scipy" },
    { name = "torch" },
]

[package.metadata]
requires-dist = [
    { name = "einops", specifier = "==0.3.0" },
    { name = "numpy", specifier = "==1.22.0" },
    { name = "pandas", specifier = "==1.5.3" },
    { name = "scikit-learn", specifier = "==0.24.1" },
    { name = "scipy", specifier = "==1.6.1" },
    { name = "torch", specifier = "==1.9.0" },
]

[[package]]
name = "einops"
version = "0.3.0"
source = { registry = "https://pypi.org/simple" }
sdist = { url = "https://files.pythonhosted.org/packages/4e/37/030baebc4d262b1efa2f80f8de3e3ca6706ca6c6a8bd5ee39b42955c192d/einops-0.3.0.tar.gz", hash = "sha256:a3b0935a4556f012cd5fa1851373f63366890a3f6698d117afea55fd2a40c1fc", size = 20830, upload-time = "2020-09-08T08:21:28.372Z" }
wheels = [
    { url = "https://files.pythonhosted.org/packages/5d/a0/9935e030634bf60ecd572c775f64ace82ceddf2f504a5fd3902438f07090/einops-0.3.0-py2.py3-none-any.whl", hash = "sha256:a91c6190ceff7d513d74ca9fd701dfa6a1ffcdd98ea0ced14350197c07f75c73", size = 25416, upload-time = "2020-09-08T08:21:26.471Z" },
]

[[package]]
name = "joblib"
version = "1.4.2"
source = { registry = "https://pypi.org/simple" }
sdist = { url = "https://files.pythonhosted.org/packages/64/33/60135848598c076ce4b231e1b1895170f45fbcaeaa2c9d5e38b04db70c35/joblib-1.4.2.tar.gz", hash = "sha256:2382c5816b2636fbd20a09e0f4e9dad4736765fdfb7dca582943b9c1366b3f0e", size = 2116621, upload-time = "2024-05-02T12:15:05.765Z" }
wheels = [
    { url = "https://files.pythonhosted.org/packages/91/29/df4b9b42f2be0b623cbd5e2140cafcaa2bef0759a00b7b70104dcfe2fb51/joblib-1.4.2-py3-none-any.whl", hash = "sha256:06d478d5674cbc267e7496a410ee875abd68e4340feff4490bcb7afb88060ae6", size = 301817, upload-time = "2024-05-02T12:15:00.765Z" },
]

[[package]]
name = "numpy"
version = "1.22.0"
source = { registry = "https://pypi.org/simple" }
sdist = { url = "https://files.pythonhosted.org/packages/50/e1/9b0c184f04b8cf5f3c941ffa56fbcbe936888bdac9aa7ba6bae405ac752b/numpy-1.22.0.zip", hash = "sha256:a955e4128ac36797aaffd49ab44ec74a71c11d6938df83b1285492d277db5397", size = 11291139, upload-time = "2021-12-31T20:44:52.909Z" }
wheels = [
    { url = "https://files.pythonhosted.org/packages/72/45/6749d5851b31f66db379760b6d9053d2d99f72ba19fa114c9b893c4704ec/numpy-1.22.0-cp38-cp38-macosx_10_9_universal2.whl", hash = "sha256:bece0a4a49e60e472a6d1f70ac6cdea00f9ab80ff01132f96bd970cdd8a9e5a9", size = 27733249, upload-time = "2021-12-31T20:34:57.955Z" },
    { url = "https://files.pythonhosted.org/packages/96/d5/5e725e144de1043e546af2bee9de7da6ccd2d3b5eb96cbc538a86a69f8f5/numpy-1.22.0-cp38-cp38-macosx_10_9_x86_64.whl", hash = "sha256:818b9be7900e8dc23e013a92779135623476f44a0de58b40c32a15368c01d471", size = 17641801, upload-time = "2021-12-31T20:35:25.407Z" },
    { url = "https://files.pythonhosted.org/packages/32/23/1a3f0a626188e48b39f80b5d494f80893f841b6776fde7d0911cdec10a51/numpy-1.22.0-cp38-cp38-macosx_11_0_arm64.whl", hash = "sha256:47ee7a839f5885bc0c63a74aabb91f6f40d7d7b639253768c4199b37aede7982", size = 12719782, upload-time = "2021-12-31T20:35:45.424Z" },
    { url = "https://files.pythonhosted.org/packages/24/dd/65fba9cb7d350b9594740a1d6ba39888b8c8ecb47dd6d3aec83e5844cb64/numpy-1.22.0-cp38-cp38-manylinux_2_17_aarch64.manylinux2014_aarch64.whl", hash = "sha256:a024181d7aef0004d76fb3bce2a4c9f2e67a609a9e2a6ff2571d30e9976aa383", size = 13371865, upload-time = "2021-12-31T20:36:05.823Z" },
    { url = "https://files.pythonhosted.org/packages/76/9b/139b42e808e44571412e2b70f970085dc6bd215a46814f91503a75ff5be5/numpy-1.22.0-cp38-cp38-manylinux_2_17_x86_64.manylinux2014_x86_64.whl", hash = "sha256:f71d57cc8645f14816ae249407d309be250ad8de93ef61d9709b45a0ddf4050c", size = 16842268, upload-time = "2021-12-31T20:36:30.848Z" },
    { url = "https://files.pythonhosted.org/packages/6e/62/4953cafa92c330f865676db91a142898ab8c3a52ef111ffdf4b35314be98/numpy-1.22.0-cp38-cp38-win32.whl", hash = "sha256:283d9de87c0133ef98f93dfc09fad3fb382f2a15580de75c02b5bb36a5a159a5", size = 12241824, upload-time = "2021-12-31T20:36:49.543Z" },
    { url = "https://files.pythonhosted.org/packages/52/b4/775fed9035c738fefb005048a089441dd861762b6213164f0a39de087462/numpy-1.22.0-cp38-cp38-win_amd64.whl", hash = "sha256:2762331de395739c91f1abb88041f94a080cb1143aeec791b3b223976228af3f", size = 14736918, upload-time = "2021-12-31T20:37:12.884Z" },
    { url = "https://files.pythonhosted.org/packages/ea/ca/b959d2a51d2e64b439ce1f4c9b212fc1be9f15c8ef0dce75da33a1b8ca43/numpy-1.22.0-pp38-pypy38_pp73-manylinux_2_17_x86_64.manylinux2014_x86_64.whl", hash = "sha256:bb02929b0d6bfab4c48a79bd805bd7419114606947ec8284476167415171f55b", size = 16242045, upload-time = "2021-12-31T20:40:32.016Z" },
]

[[package]]
name = "pandas"
version = "1.5.3"
source = { registry = "https://pypi.org/simple" }
dependencies = [
    { name = "numpy" },
    { name = "python-dateutil" },
    { name = "pytz" },
]
sdist = { url = "https://files.pythonhosted.org/packages/74/ee/146cab1ff6d575b54ace8a6a5994048380dc94879b0125b25e62edcb9e52/pandas-1.5.3.tar.gz", hash = "sha256:74a3fd7e5a7ec052f183273dc7b0acd3a863edf7520f5d3a1765c04ffdb3b0b1", size = 5203060, upload-time = "2023-01-19T08:31:39.615Z" }
wheels = [
    { url = "https://files.pythonhosted.org/packages/26/c1/469f5d7863a9901d92b795d9fc5c7c4acccd7df62b13367c7fac0d499c3b/pandas-1.5.3-cp38-cp38-macosx_10_9_universal2.whl", hash = "sha256:14e45300521902689a81f3f41386dc86f19b8ba8dd5ac5a3c7010ef8d2932813", size = 18428032, upload-time = "2023-01-19T08:30:17.764Z" },
    { url = "https://files.pythonhosted.org/packages/2b/63/fa344006a41dd696720328af0f1f914f530e9eca2f794607f6af9158897d/pandas-1.5.3-cp38-cp38-macosx_10_9_x86_64.whl", hash = "sha256:9842b6f4b8479e41968eced654487258ed81df7d1c9b7b870ceea24ed9459b31", size = 11896315, upload-time = "2023-01-19T08:30:26.531Z" },
    { url = "https://files.pythonhosted.org/packages/0e/1d/f964977eea9ed72d5f1c53af56038aca2ce781a0cc8bce8aeb33da039ca1/pandas-1.5.3-cp38-cp38-macosx_11_0_arm64.whl", hash = "sha256:26d9c71772c7afb9d5046e6e9cf42d83dd147b5cf5bcb9d97252077118543792", size = 10825052, upload-time = "2023-01-19T08:30:33.297Z" },
    { url = "https://files.pythonhosted.org/packages/b2/87/e0a0e9a0ab9ede47192aa40887b7e31d048c98326a41d6b57c658d1a809d/pandas-1.5.3-cp38-cp38-manylinux_2_17_aarch64.manylinux2014_aarch64.whl", hash = "sha256:5fbcb19d6fceb9e946b3e23258757c7b225ba450990d9ed63ccceeb8cae609f7", size = 11465500, upload-time = "2023-01-19T08:30:39.403Z" },
    { url = "https://files.pythonhosted.org/packages/54/a0/c62d63c5c69be9aae07836e4d7e25e7a6f5590be3d8f2d53f43eeec5c475/pandas-1.5.3-cp38-cp38-manylinux_2_17_x86_64.manylinux2014_x86_64.whl", hash = "sha256:565fa34a5434d38e9d250af3c12ff931abaf88050551d9fbcdfafca50d62babf", size = 12189084, upload-time = "2023-01-19T08:30:46.315Z" },
    { url = "https://files.pythonhosted.org/packages/bc/bb/359b304fb2d9a97c7344b6ceb585dc22fff864e4f3f1d1511166cd84865e/pandas-1.5.3-cp38-cp38-win32.whl", hash = "sha256:87bd9c03da1ac870a6d2c8902a0e1fd4267ca00f13bc494c9e5a9020920e1d51", size = 9753053, upload-time = "2023-01-19T08:30:52.048Z" },
    { url = "https://files.pythonhosted.org/packages/ca/4e/d18db7d5ff9d28264cd2a7e2499b8701108f0e6c698e382cfd5d20685c21/pandas-1.5.3-cp38-cp38-win_amd64.whl", hash = "sha256:41179ce559943d83a9b4bbacb736b04c928b095b5f25dd2b7389eda08f46f373", size = 10959031, upload-time = "2023-01-19T08:30:57.087Z" },
]

[[package]]
name = "python-dateutil"
version = "2.9.0.post0"
source = { registry = "https://pypi.org/simple" }
dependencies = [
    { name = "six" },
]
sdist = { url = "https://files.pythonhosted.org/packages/66/c0/0c8b6ad9f17a802ee498c46e004a0eb49bc148f2fd230864601a86dcf6db/python-dateutil-2.9.0.post0.tar.gz", hash = "sha256:37dd54208da7e1cd875388217d5e00ebd4179249f90fb72437e91a35459a0ad3", size = 342432, upload-time = "2024-03-01T18:36:20.211Z" }
wheels = [
    { url = "https://files.pythonhosted.org/packages/ec/57/56b9bcc3c9c6a792fcbaf139543cee77261f3651ca9da0c93f5c1221264b/python_dateutil-2.9.0.post0-py2.py3-none-any.whl", hash = "sha256:a8b2bc7bffae282281c8140a97d3aa9c14da0b136dfe83f850eea9a5f7470427", size = 229892, upload-time = "2024-03-01T18:36:18.57Z" },
]

[[package]]
name = "pytz"
version = "2026.2"
source = { registry = "https://pypi.org/simple" }
sdist = { url = "https://files.pythonhosted.org/packages/ff/46/dd499ec9038423421951e4fad73051febaa13d2df82b4064f87af8b8c0c3/pytz-2026.2.tar.gz", hash = "sha256:0e60b47b29f21574376f218fe21abc009894a2321ea16c6754f3cad6eb7cdd6a", size = 320861, upload-time = "2026-05-04T01:35:29.667Z" }
wheels = [
    { url = "https://files.pythonhosted.org/packages/ec/dd/96da98f892250475bdf2328112d7468abdd4acc7b902b6af23f4ed958ea0/pytz-2026.2-py2.py3-none-any.whl", hash = "sha256:04156e608bee23d3792fd45c94ae47fae1036688e75032eea2e3bf0323d1f126", size = 510141, upload-time = "2026-05-04T01:35:27.408Z" },
]

[[package]]
name = "scikit-learn"
version = "0.24.1"
source = { registry = "https://pypi.org/simple" }
dependencies = [
    { name = "joblib" },
    { name = "numpy" },
    { name = "scipy" },
    { name = "threadpoolctl" },
]
sdist = { url = "https://files.pythonhosted.org/packages/f4/7b/d415b0c89babf23dcd8ee631015f043e2d76795edd9c7359d6e63257464b/scikit-learn-0.24.1.tar.gz", hash = "sha256:a0334a1802e64d656022c3bfab56a73fbd6bf4b1298343f3688af2151810bbdf", size = 7399074, upload-time = "2021-01-19T18:08:43.711Z" }
wheels = [
    { url = "https://files.pythonhosted.org/packages/a2/00/48577efc728ba5b3230567def9a2b7b95b3361f7ea8ab1e05e9bbebc5704/scikit_learn-0.24.1-cp38-cp38-macosx_10_13_x86_64.whl", hash = "sha256:3c4f07f47c04e81b134424d53c3f5e16dfd7f494e44fd7584ba9ce9de2c5e6c1", size = 7187257, upload-time = "2021-01-19T18:07:38.829Z" },
    { url = "https://files.pythonhosted.org/packages/7d/b7/29fd5ddc0f2923c726ace77f9d2bacfcb7d5f5f1e606c3000eac9c65cac5/scikit_learn-0.24.1-cp38-cp38-manylinux1_i686.whl", hash = "sha256:c13ebac42236b1c46397162471ea1c46af68413000e28b9309f8c05722c65a09", size = 19336740, upload-time = "2021-01-25T10:29:43.709Z" },
    { url = "https://files.pythonhosted.org/packages/1a/3a/9415d4f145ce88f858d6e5cf294061fe355c4d1738508f137b3fcf0dc89d/scikit_learn-0.24.1-cp38-cp38-manylinux1_x86_64.whl", hash = "sha256:4ddd2b6f7449a5d539ff754fa92d75da22de261fd8fdcfb3596799fadf255101", size = 20414127, upload-time = "2021-01-25T10:29:49.509Z" },
    { url = "https://files.pythonhosted.org/packages/aa/ab/916edef41d1a8381176d131d9452c737001f5d4c0a9fe29198ff502c0fb6/scikit_learn-0.24.1-cp38-cp38-manylinux2010_i686.whl", hash = "sha256:826b92bf45b8ad80444814e5f4ac032156dd481e48d7da33d611f8fe96d5f08b", size = 23670948, upload-time = "2021-01-19T18:07:52.667Z" },
    { url = "https://files.pythonhosted.org/packages/6e/c0/39aee6ef61f586f3c1aa76d4f35485556e2eb86136a5f1f1ee8b62fae3ee/scikit_learn-0.24.1-cp38-cp38-manylinux2010_x86_64.whl", hash = "sha256:259ec35201e82e2db1ae2496f229e63f46d7f1695ae68eef9350b00dc74ba52f", size = 24881783, upload-time = "2021-01-19T18:08:04.739Z" },
    { url = "https://files.pythonhosted.org/packages/ea/33/03080c421c0649403bc8fbdf68aa992bd0be20969be7a5773f3832d67ca6/scikit_learn-0.24.1-cp38-cp38-manylinux2014_aarch64.whl", hash = "sha256:9599a3f3bf33f73fed0fe06d1dfa4e6081365a58c1c807acb07271be0dce9733", size = 26480808, upload-time = "2021-03-22T16:28:41.995Z" },
    { url = "https://files.pythonhosted.org/packages/9e/2e/b846393246a9dd8c770bfb0b5fc27a3ed60e00483e46b3e2f11c16663893/scikit_learn-0.24.1-cp38-cp38-win32.whl", hash = "sha256:8772b99d683be8f67fcc04789032f1b949022a0e6880ee7b75a7ec97dbbb5d0b", size = 6133386, upload-time = "2021-01-19T18:08:08.57Z" },
    { url = "https://files.pythonhosted.org/packages/7b/57/502e640e110e5ca5765036f832f88ed9ce529aa3e6854daa394389353b96/scikit_learn-0.24.1-cp38-cp38-win_amd64.whl", hash = "sha256:ed9d65594948678827f4ff0e7ae23344e2f2b4cabbca057ccaed3118fdc392ca", size = 6878276, upload-time = "2021-01-19T18:08:12.341Z" },
]

[[package]]
name = "scipy"
version = "1.6.1"
source = { registry = "https://pypi.org/simple" }
dependencies = [
    { name = "numpy" },
]
sdist = { url = "https://files.pythonhosted.org/packages/26/68/84dbe18583e79e56e4cee8d00232a8dd7d4ae33bc3acf3be1c347991848f/scipy-1.6.1.tar.gz", hash = "sha256:c4fceb864890b6168e79b0e714c585dbe2fd4222768ee90bc1aa0f8218691b11", size = 27346828, upload-time = "2021-02-18T02:37:43.801Z" }
wheels = [
    { url = "https://files.pythonhosted.org/packages/c1/1e/39a0ed6efe26bf1c1f1abefefadc8da2fd8a627b68c0d0bb0a5f87a86796/scipy-1.6.1-cp38-cp38-macosx_10_9_x86_64.whl", hash = "sha256:bd50daf727f7c195e26f27467c85ce653d41df4358a25b32434a50d8870fc519", size = 30751725, upload-time = "2021-02-18T02:35:37.044Z" },
    { url = "https://files.pythonhosted.org/packages/b6/94/f91d57b1f07c9acf3d788cacb4d893960702558974941d9b95516a2aa9cf/scipy-1.6.1-cp38-cp38-manylinux1_i686.whl", hash = "sha256:f46dd15335e8a320b0fb4685f58b7471702234cba8bb3442b69a3e1dc329c345", size = 24216756, upload-time = "2021-02-18T02:35:40.764Z" },
    { url = "https://files.pythonhosted.org/packages/2c/30/518c0011f681125528b2e64ad9f5455d4f34e012b9e3a56a6d4ff5486769/scipy-1.6.1-cp38-cp38-manylinux1_x86_64.whl", hash = "sha256:0e5b0ccf63155d90da576edd2768b66fb276446c371b73841e3503be1d63fb5d", size = 27250267, upload-time = "2021-02-18T02:35:44.437Z" },
    { url = "https://files.pythonhosted.org/packages/f6/4a/e2b7c44e3c484e01e51f0b36d4c881102d9bd8a8b7aa7e846a421dc50b7e/scipy-1.6.1-cp38-cp38-manylinux2014_aarch64.whl", hash = "sha256:2481efbb3740977e3c831edfd0bd9867be26387cacf24eb5e366a6a374d3d00d", size = 26070253, upload-time = "2021-02-18T02:35:48.101Z" },
    { url = "https://files.pythonhosted.org/packages/ad/d9/39ec0b85e10f4cee7d5e3982688f8db3ecd87148f5b8fe569ce483b65f73/scipy-1.6.1-cp38-cp38-win32.whl", hash = "sha256:68cb4c424112cd4be886b4d979c5497fba190714085f46b8ae67a5e4416c32b4", size = 29549043, upload-time = "2021-02-18T02:35:51.917Z" },
    { url = "https://files.pythonhosted.org/packages/e7/13/0fadfac73fd95bfa74a72dcada39fa6b134fc73a6384256356f18242fb58/scipy-1.6.1-cp38-cp38-win_amd64.whl", hash = "sha256:5f331eeed0297232d2e6eea51b54e8278ed8bb10b099f69c44e2558c090d06bf", size = 32699632, upload-time = "2021-02-18T02:35:55.976Z" },
]

[[package]]
name = "six"
version = "1.17.0"
source = { registry = "https://pypi.org/simple" }
sdist = { url = "https://files.pythonhosted.org/packages/94/e7/b2c673351809dca68a0e064b6af791aa332cf192da575fd474ed7d6f16a2/six-1.17.0.tar.gz", hash = "sha256:ff70335d468e7eb6ec65b95b99d3a2836546063f63acc5171de367e834932a81", size = 34031, upload-time = "2024-12-04T17:35:28.174Z" }
wheels = [
    { url = "https://files.pythonhosted.org/packages/b7/ce/149a00dd41f10bc29e5921b496af8b574d8413afcd5e30dfa0ed46c2cc5e/six-1.17.0-py2.py3-none-any.whl", hash = "sha256:4721f391ed90541fddacab5acf947aa0d3dc7d27b2e1e8eda2be8970586c3274", size = 11050, upload-time = "2024-12-04T17:35:26.475Z" },
]

[[package]]
name = "threadpoolctl"
version = "3.5.0"
source = { registry = "https://pypi.org/simple" }
sdist = { url = "https://files.pythonhosted.org/packages/bd/55/b5148dcbf72f5cde221f8bfe3b6a540da7aa1842f6b491ad979a6c8b84af/threadpoolctl-3.5.0.tar.gz", hash = "sha256:082433502dd922bf738de0d8bcc4fdcbf0979ff44c42bd40f5af8a282f6fa107", size = 41936, upload-time = "2024-04-29T13:50:16.544Z" }
wheels = [
    { url = "https://files.pythonhosted.org/packages/4b/2c/ffbf7a134b9ab11a67b0cf0726453cedd9c5043a4fe7a35d1cefa9a1bcfb/threadpoolctl-3.5.0-py3-none-any.whl", hash = "sha256:56c1e26c150397e58c4926da8eeee87533b1e32bef131bd4bf6a2f45f3185467", size = 18414, upload-time = "2024-04-29T13:50:14.014Z" },
]

[[package]]
name = "torch"
version = "1.9.0"
source = { registry = "https://pypi.org/simple" }
dependencies = [
    { name = "typing-extensions" },
]
wheels = [
    { url = "https://files.pythonhosted.org/packages/69/f2/2c0114a3ba44445de3e6a45c4a2bf33c7f6711774adece8627746380780c/torch-1.9.0-cp38-cp38-manylinux1_x86_64.whl", hash = "sha256:1d8139dcc864f48dc316376384f50e47a459284ad1cb84449242f4964e25aaec", size = 831433581, upload-time = "2021-06-15T15:17:00.379Z" },
    { url = "https://files.pythonhosted.org/packages/ca/0b/d66c0313289a926b7c571d41315a1a64ce134c88b0b9bed3a3d4f8ab1246/torch-1.9.0-cp38-cp38-manylinux2014_aarch64.whl", hash = "sha256:0aa4cca3f16fab40cb8dae6a49d0eccdc8f4ead9d1a6428cd9ba12befe082b2a", size = 49003184, upload-time = "2021-06-15T15:52:05.445Z" },
    { url = "https://files.pythonhosted.org/packages/6e/ae/13fe5f5da37f2ff2459921cb53f9893baa4e7f39f59c5a31922650e5add7/torch-1.9.0-cp38-cp38-win_amd64.whl", hash = "sha256:646de1bef85d6c7590e98f8ea52e47acdcf58330982e4f5d73f5ca28dea2d552", size = 222047669, upload-time = "2021-06-15T15:25:32.06Z" },
    { url = "https://files.pythonhosted.org/packages/98/71/b1aeecd8bf033a163dc03c24ceba0952107afb515a7a767f3fb8694d835c/torch-1.9.0-cp38-none-macosx_10_9_x86_64.whl", hash = "sha256:e596f0105f748cf09d4763152d8157aaf58d5231232eaf2c5673d4562ba86ad3", size = 127925053, upload-time = "2021-06-15T15:27:43.454Z" },
    { url = "https://files.pythonhosted.org/packages/f8/52/15f4048bd0e13bc3cd7c50febb4f4bbfc9f32990251e705023cc8700ee48/torch-1.9.0-cp38-none-macosx_11_0_arm64.whl", hash = "sha256:ecc7193fff7741ced3db1f760666c8454d6664956288c54d1b49613b987a42f4", size = 41523792, upload-time = "2021-06-15T16:16:04.705Z" },
]

[[package]]
name = "typing-extensions"
version = "4.13.2"
source = { registry = "https://pypi.org/simple" }
sdist = { url = "https://files.pythonhosted.org/packages/f6/37/23083fcd6e35492953e8d2aaaa68b860eb422b34627b13f2ce3eb6106061/typing_extensions-4.13.2.tar.gz", hash = "sha256:e6c81219bd689f51865d9e372991c540bda33a0379d5573cddb9a3a23f7caaef", size = 106967, upload-time = "2025-04-10T14:19:05.416Z" }
wheels = [
    { url = "https://files.pythonhosted.org/packages/8b/54/b1ae86c0973cc6f0210b53d508ca3641fb6d0c56823f288d108bc7ab3cc8/typing_extensions-4.13.2-py3-none-any.whl", hash = "sha256:a439e7c04b49fec3e5d3e2beaa21755cadbbdc391694e28ccdd36ca4a1408f8c", size = 45806, upload-time = "2025-04-10T14:19:03.967Z" },
]
